
Microsoft Visual Studio Solution File, Format Version 12.00
# Visual Studio Version 17
VisualStudioVersion = 17.8.34309.116
MinimumVisualStudioVersion = 10.0.40219.1
Project("{2150E333-8FDC-42A3-9474-1A3956D46DE8}") = "MicroServices", "MicroServices", "{5ED932AF-1B72-4EBA-BC9A-EAAC2FA28258}"
EndProject
Project("{2150E333-8FDC-42A3-9474-1A3956D46DE8}") = "APIs", "APIs", "{FB882CF7-ECE8-4601-9577-FA805228C596}"
EndProject
Project("{2150E333-8FDC-42A3-9474-1A3956D46DE8}") = "Gateway", "Gateway", "{6A77083C-C77C-4BEE-A7C3-065FE0037C9B}"
EndProject
Project("{2150E333-8FDC-42A3-9474-1A3956D46DE8}") = "User", "User", "{AB50B2C5-F757-4595-A99E-B2FD88CAEC87}"
EndProject
Project("{2150E333-8FDC-42A3-9474-1A3956D46DE8}") = "Service", "Service", "{7DEEE6D2-953E-4551-AA4F-88B327DA932B}"
EndProject
Project("{FAE04EC0-301F-11D3-BF4B-00C04F79EFBC}") = "User.Api", "MicroServices\APIs\User\User.Api\User.Api.csproj", "{86A3F357-E446-4524-BD50-53247FCB4A1A}"
EndProject
Project("{FAE04EC0-301F-11D3-BF4B-00C04F79EFBC}") = "Service.Api", "MicroServices\APIs\Service\Service.Api\Service.Api.csproj", "{92B76B0E-9EA0-43B3-84EA-6CAF6D3F8455}"
EndProject
Global
	GlobalSection(SolutionConfigurationPlatforms) = preSolution
		Debug|Any CPU = Debug|Any CPU
		Release|Any CPU = Release|Any CPU
	EndGlobalSection
	GlobalSection(ProjectConfigurationPlatforms) = postSolution
		{86A3F357-E446-4524-BD50-53247FCB4A1A}.Debug|Any CPU.ActiveCfg = Debug|Any CPU
		{86A3F357-E446-4524-BD50-53247FCB4A1A}.Debug|Any CPU.Build.0 = Debug|Any CPU
		{86A3F357-E446-4524-BD50-53247FCB4A1A}.Release|Any CPU.ActiveCfg = Release|Any CPU
		{86A3F357-E446-4524-BD50-53247FCB4A1A}.Release|Any CPU.Build.0 = Release|Any CPU
		{92B76B0E-9EA0-43B3-84EA-6CAF6D3F8455}.Debug|Any CPU.ActiveCfg = Debug|Any CPU
		{92B76B0E-9EA0-43B3-84EA-6CAF6D3F8455}.Debug|Any CPU.Build.0 = Debug|Any CPU
		{92B76B0E-9EA0-43B3-84EA-6CAF6D3F8455}.Release|Any CPU.ActiveCfg = Release|Any CPU
		{92B76B0E-9EA0-43B3-84EA-6CAF6D3F8455}.Release|Any CPU.Build.0 = Release|Any CPU
	EndGlobalSection
	GlobalSection(SolutionProperties) = preSolution
		HideSolutionNode = FALSE
	EndGlobalSection
	GlobalSection(NestedProjects) = preSolution
		{FB882CF7-ECE8-4601-9577-FA805228C596} = {5ED932AF-1B72-4EBA-BC9A-EAAC2FA28258}
		{6A77083C-C77C-4BEE-A7C3-065FE0037C9B} = {5ED932AF-1B72-4EBA-BC9A-EAAC2FA28258}
		{AB50B2C5-F757-4595-A99E-B2FD88CAEC87} = {FB882CF7-ECE8-4601-9577-FA805228C596}
		{7DEEE6D2-953E-4551-AA4F-88B327DA932B} = {FB882CF7-ECE8-4601-9577-FA805228C596}
		{86A3F357-E446-4524-BD50-53247FCB4A1A} = {AB50B2C5-F757-4595-A99E-B2FD88CAEC87}
		{92B76B0E-9EA0-43B3-84EA-6CAF6D3F8455} = {7DEEE6D2-953E-4551-AA4F-88B327DA932B}
	EndGlobalSection
	GlobalSection(ExtensibilityGlobals) = postSolution
		SolutionGuid = {DB190909-6A5B-4362-90C6-9AFF689A2512}
	EndGlobalSection
EndGlobal
